
Microsoft Visual Studio Solution File, Format Version 12.00
# Visual Studio Version 16
VisualStudioVersion = 16.0.809.5
MinimumVisualStudioVersion = 10.0.40219.1
Project("{FAE04EC0-301F-11D3-BF4B-00C04F79EFBC}") = "BankEncapsulation", "BankEncapsulation\BankEncapsulation.csproj", "{02BE69F6-7FAC-4B9A-9606-E858FBA1C160}"
EndProject
Global
	GlobalSection(SolutionConfigurationPlatforms) = preSolution
		Debug|Any CPU = Debug|Any CPU
		Release|Any CPU = Release|Any CPU
	EndGlobalSection
	GlobalSection(ProjectConfigurationPlatforms) = postSolution
		{02BE69F6-7FAC-4B9A-9606-E858FBA1C160}.Debug|Any CPU.ActiveCfg = Debug|Any CPU
		{02BE69F6-7FAC-4B9A-9606-E858FBA1C160}.Debug|Any CPU.Build.0 = Debug|Any CPU
		{02BE69F6-7FAC-4B9A-9606-E858FBA1C160}.Release|Any CPU.ActiveCfg = Release|Any CPU
		{02BE69F6-7FAC-4B9A-9606-E858FBA1C160}.Release|Any CPU.Build.0 = Release|Any CPU
	EndGlobalSection
	GlobalSection(SolutionProperties) = preSolution
		HideSolutionNode = FALSE
	EndGlobalSection
	GlobalSection(ExtensibilityGlobals) = postSolution
		SolutionGuid = {2099227F-5A91-4A81-933F-D6C1F81B2A89}
	EndGlobalSection
EndGlobal
